github.com/go-redis/redis v6.15.9+incompatible h1:K0pv1D7EQUjfyoMql+r/jZqCLizCGKFlFgcHWWmHQjg=
github.com/go-redis/redis v6.15.9+incompatible/go.mod h1:NAIEuMOZ/fxfXJIrKDQDz8wamY7mA7PouImQ2Jvg6kA=
github.com/google/uuid v1.2.0 h1:qJYtXnJRWmpe7m/3XlyhrsLrEURqHRM2kxzoxXqyUDs=
github.com/google/uuid v1.2.0/go.mod h1:TIyPZe4MgqvfeYDBFedMoGGpEw/LqOeaOT+nhxU+yHo=
github.com/hakluke/haktools v0.0.0-20210226102737-29961e992345 h1:pG9ukhPh8y/OyAI1HNdXiIT/DnV4heSs1yJeXXlo1I8=
github.com/hakluke/haktools v0.0.0-20210226102737-29961e992345/go.mod h1:vFlqbQ4M8h42TmtKz6AYUosoXL4E0GHqljZjU+s0RBM=
github.com/hakluke/haktools v0.0.0-20210226111919-4520f9b4ba97 h1:2ppB1Wt8UfiCFDtRWw8tlcYYcMIetD/l/3vIvd3VBGI=
github.com/hakluke/haktools v0.0.0-20210226111919-4520f9b4ba97/go.mod h1:vFlqbQ4M8h42TmtKz6AYUosoXL4E0GHqljZjU+s0RBM=
github.com/hakluke/haktools/pkg/hakstoreclient v0.0.0-20210226111919-4520f9b4ba97 h1:6FYnDhXJ5a0NFPWTPbROXAvAuQWL9+naOTplimIUvhY=
github.com/hakluke/haktools/pkg/hakstoreclient v0.0.0-20210226111919-4520f9b4ba97/go.mod h1:i6HIhAWrR6W5Cq9k4ruZykCo7xpBWAbMGBWO3cU37Pc=
github.com/jinzhu/inflection v1.0.0 h1:K317FqzuhWc8YvSVlFMCCUb36O/S9MCKRDI7QkRKD/E=
github.com/jinzhu/inflection v1.0.0/go.mod h1:h+uFLlag+Qp1Va5pdKtLDYj+kHp5pxUVkryuEj+Srlc=
github.com/jinzhu/now v1.1.1 h1:g39TucaRWyV3dwDO++eEc6qf8TVIQ/Da48WmqjZ3i7E=
github.com/jinzhu/now v1.1.1/go.mod h1:d3SSVoowX0Lcu0IBviAWJpolVfI5UJVZZ7cO71lE/z8=
github.com/projectdiscovery/simplehttpserver v0.0.1 h1:4RjrrV1NTxcnCiFtGFFf77oCheup51ns1p47IwoDK4s=
github.com/projectdiscovery/simplehttpserver v0.0.1/go.mod h1:DXxWgWi5I1MhKbeOqo8cLGxe0EFVMhABUcK06mdXxHk=
gopkg.in/check.v1 v0.0.0-20161208181325-20d25e280405/go.mod h1:Co6ibVJAznAaIkqp8huTwlJQCZ016jof/cbN4VW5Yz0=
gopkg.in/yaml.v2 v2.4.0 h1:D8xgwECY7CYvx+Y2n4sBz93Jn9JRvxdiyyo8CTfuKaY=
gopkg.in/yaml.v2 v2.4.0/go.mod h1:RDklbk79AGWmwhnvt/jBztapEOGDOx6ZbXqjP6csGnQ=
gorm.io/gorm v1.20.12 h1:ebZ5KrSHzet+sqOCVdH9mTjW91L298nX3v5lVxAzSUY=
gorm.io/gorm v1.20.12/go.mod h1:0HFTzE/SqkGTzK6TlDPPQbAYCluiVvhzoA1+aVyzenw=
